<?xml version="1.0" encoding="utf-8"?>
<Project ToolsVersion="4.0" xmlns="http://schemas.microsoft.com/developer/msbuild/2003">
  <ItemGroup>
    <Filter Include="Fichiers sources">
      <UniqueIdentifier>{4FC737F1-C7A5-4376-A066-2A32D752A2FF}</UniqueIdentifier>
      <Extensions>cpp;c;cc;cxx;def;odl;idl;hpj;bat;asm;asmx</Extensions>
    </Filter>
    <Filter Include="Fichiers d%27en-tête">
      <UniqueIdentifier>{93995380-89BD-4b04-88EB-625FBE52EBFB}</UniqueIdentifier>
      <Extensions>h;hh;hpp;hxx;hm;inl;inc;ipp;xsd</Extensions>
    </Filter>
    <Filter Include="Fichiers de ressources">
      <UniqueIdentifier>{67DA6AB6-F800-4c08-8B7A-83BB121AAD01}</UniqueIdentifier>
      <Extensions>rc;ico;cur;bmp;dlg;rc2;rct;bin;rgs;gif;jpg;jpeg;jpe;resx;tiff;tif;png;wav;mfcribbon-ms</Extensions>
    </Filter>
    <Filter Include="Fichiers d%27en-tête\GameStates">
      <UniqueIdentifier>{a8243fa9-024b-40bd-942d-7e595cf2a958}</UniqueIdentifier>
    </Filter>
    <Filter Include="Fichiers sources\GameStates">
      <UniqueIdentifier>{c0896746-d155-4cfa-824a-f9f8ed19ced9}</UniqueIdentifier>
    </Filter>
    <Filter Include="Fichiers sources\Level">
      <UniqueIdentifier>{a3d4ab6e-b771-44e2-82af-c43cc60df47d}</UniqueIdentifier>
    </Filter>
    <Filter Include="Fichiers sources\Level\Layers">
      <UniqueIdentifier>{ccaee4a7-de89-420f-abc8-017afd24b1df}</UniqueIdentifier>
    </Filter>
    <Filter Include="Fichiers d%27en-tête\Level">
      <UniqueIdentifier>{1ee98df0-9d59-46bb-9cc4-a1481313e573}</UniqueIdentifier>
    </Filter>
    <Filter Include="Fichiers d%27en-tête\Level\Layers">
      <UniqueIdentifier>{0df187f6-64f6-4ab6-9e64-0ecb263c8726}</UniqueIdentifier>
    </Filter>
    <Filter Include="Fichiers d%27en-tête\Managers">
      <UniqueIdentifier>{8dc23366-db2a-48dc-ba17-d4fca101d6dc}</UniqueIdentifier>
    </Filter>
    <Filter Include="Fichiers sources\Managers">
      <UniqueIdentifier>{dcc8b642-fdf3-4c3b-b11c-1f6f4a588835}</UniqueIdentifier>
    </Filter>
    <Filter Include="Fichiers sources\GameObjects">
      <UniqueIdentifier>{50345276-18f3-4f98-af66-0e9ba5706689}</UniqueIdentifier>
    </Filter>
    <Filter Include="Fichiers d%27en-tête\GameObjects">
      <UniqueIdentifier>{d9410f11-bf60-431b-9d9c-e391dface0cc}</UniqueIdentifier>
    </Filter>
    <Filter Include="Fichiers d%27en-tête\GameObjects\Bullets">
      <UniqueIdentifier>{eb29d5e4-cc50-4e20-a7d0-cf9420bde62b}</UniqueIdentifier>
    </Filter>
    <Filter Include="Fichiers sources\GameObjects\Bullets">
      <UniqueIdentifier>{170a2f79-c872-455e-9ab6-05f98df4036a}</UniqueIdentifier>
    </Filter>
    <Filter Include="Fichiers d%27en-tête\GameObjects\Enemies">
      <UniqueIdentifier>{1623aecc-c980-4837-aca4-191ece826689}</UniqueIdentifier>
    </Filter>
    <Filter Include="Fichiers sources\GameObjects\Enemies">
      <UniqueIdentifier>{42bfdd26-bb1f-4d9f-99bc-6dc1bbe4f3dc}</UniqueIdentifier>
    </Filter>
    <Filter Include="Fichiers de ressources\FontCache">
      <UniqueIdentifier>{10511648-9e2f-485d-aa99-01c5078f23c8}</UniqueIdentifier>
    </Filter>
  </ItemGroup>
  <ItemGroup>
    <ClCompile Include="main.cpp">
      <Filter>Fichiers sources</Filter>
    </ClCompile>
    <ClCompile Include="Game.cpp">
      <Filter>Fichiers sources</Filter>
    </ClCompile>
    <ClCompile Include="PlayState.cpp">
      <Filter>Fichiers sources\GameStates</Filter>
    </ClCompile>
    <ClCompile Include="GameStateMachine.cpp">
      <Filter>Fichiers sources\GameStates</Filter>
    </ClCompile>
    <ClCompile Include="PauseState.cpp">
      <Filter>Fichiers sources\GameStates</Filter>
    </ClCompile>
    <ClCompile Include="GameOverState.cpp">
      <Filter>Fichiers sources\GameStates</Filter>
    </ClCompile>
    <ClCompile Include="MainMenuState.cpp">
      <Filter>Fichiers sources\GameStates</Filter>
    </ClCompile>
    <ClCompile Include="TileLayer.cpp">
      <Filter>Fichiers sources\Level\Layers</Filter>
    </ClCompile>
    <ClCompile Include="Level.cpp">
      <Filter>Fichiers sources\Level</Filter>
    </ClCompile>
    <ClCompile Include="LevelParser.cpp">
      <Filter>Fichiers sources\Level</Filter>
    </ClCompile>
    <ClCompile Include="ObjectLayer.cpp">
      <Filter>Fichiers sources\Level\Layers</Filter>
    </ClCompile>
    <ClCompile Include="Sprite.cpp">
      <Filter>Fichiers sources</Filter>
    </ClCompile>
    <ClCompile Include="Enemy.cpp">
      <Filter>Fichiers sources\GameObjects\Enemies</Filter>
    </ClCompile>
    <ClCompile Include="SoundManager.cpp">
      <Filter>Fichiers sources\Managers</Filter>
    </ClCompile>
    <ClCompile Include="TextureManager.cpp">
      <Filter>Fichiers sources\Managers</Filter>
    </ClCompile>
    <ClCompile Include="InputHandler.cpp">
      <Filter>Fichiers sources\Managers</Filter>
    </ClCompile>
    <ClCompile Include="WaveGenerator.cpp">
      <Filter>Fichiers sources</Filter>
    </ClCompile>
    <ClCompile Include="StateParser.cpp">
      <Filter>Fichiers sources\GameStates</Filter>
    </ClCompile>
    <ClCompile Include="Vector2D.cpp">
      <Filter>Fichiers sources</Filter>
    </ClCompile>
    <ClCompile Include="Bullet.cpp">
      <Filter>Fichiers sources\GameObjects\Bullets</Filter>
    </ClCompile>
    <ClCompile Include="PlayerBullet.cpp">
      <Filter>Fichiers sources\GameObjects\Bullets</Filter>
    </ClCompile>
    <ClCompile Include="EnemyBullet.cpp">
      <Filter>Fichiers sources\GameObjects\Bullets</Filter>
    </ClCompile>
    <ClCompile Include="CollisionManager.cpp">
      <Filter>Fichiers sources\Managers</Filter>
    </ClCompile>
    <ClCompile Include="BulletManager.cpp">
      <Filter>Fichiers sources\Managers</Filter>
    </ClCompile>
    <ClCompile Include="StateChangeAsker.cpp">
      <Filter>Fichiers sources\GameStates</Filter>
    </ClCompile>
    <ClCompile Include="GameObject.cpp">
      <Filter>Fichiers sources\GameObjects</Filter>
    </ClCompile>
    <ClCompile Include="Player.cpp">
      <Filter>Fichiers sources\GameObjects</Filter>
    </ClCompile>
    <ClCompile Include="AnimatedGraphic.cpp">
      <Filter>Fichiers sources\GameObjects</Filter>
    </ClCompile>
    <ClCompile Include="Background.cpp">
      <Filter>Fichiers sources\GameObjects</Filter>
    </ClCompile>
    <ClCompile Include="MenuButton.cpp">
      <Filter>Fichiers sources\GameObjects</Filter>
    </ClCompile>
    <ClCompile Include="GameObjectFactory.cpp">
      <Filter>Fichiers sources\GameObjects</Filter>
    </ClCompile>
    <ClCompile Include="GameParameters.cpp">
      <Filter>Fichiers sources</Filter>
    </ClCompile>
    <ClCompile Include="UIManager.cpp">
      <Filter>Fichiers sources\Managers</Filter>
    </ClCompile>
    <ClCompile Include="FontCache\SDL_FontCache.c">
      <Filter>Fichiers de ressources\FontCache</Filter>
    </ClCompile>
    <ClCompile Include="ScoreManager.cpp">
      <Filter>Fichiers sources\Managers</Filter>
    </ClCompile>
    <ClCompile Include="PlayerManager.cpp">
      <Filter>Fichiers sources\Managers</Filter>
    </ClCompile>
  </ItemGroup>
  <ItemGroup>
    <ClInclude Include="Game.h">
      <Filter>Fichiers d%27en-tête</Filter>
    </ClInclude>
    <ClInclude Include="LoadParameters.h">
      <Filter>Fichiers d%27en-tête</Filter>
    </ClInclude>
    <ClInclude Include="Vector2D.h">
      <Filter>Fichiers d%27en-tête</Filter>
    </ClInclude>
    <ClInclude Include="PlayState.h">
      <Filter>Fichiers d%27en-tête\GameStates</Filter>
    </ClInclude>
    <ClInclude Include="GameState.h">
      <Filter>Fichiers d%27en-tête\GameStates</Filter>
    </ClInclude>
    <ClInclude Include="GameStateMachine.h">
      <Filter>Fichiers d%27en-tête\GameStates</Filter>
    </ClInclude>
    <ClInclude Include="PauseState.h">
      <Filter>Fichiers d%27en-tête\GameStates</Filter>
    </ClInclude>
    <ClInclude Include="GameOverState.h">
      <Filter>Fichiers d%27en-tête\GameStates</Filter>
    </ClInclude>
    <ClInclude Include="GameObjectFactory.h">
      <Filter>Fichiers d%27en-tête</Filter>
    </ClInclude>
    <ClInclude Include="MainMenuState.h">
      <Filter>Fichiers d%27en-tête\GameStates</Filter>
    </ClInclude>
    <ClInclude Include="Layer.h">
      <Filter>Fichiers d%27en-tête\Level\Layers</Filter>
    </ClInclude>
    <ClInclude Include="Level.h">
      <Filter>Fichiers d%27en-tête\Level</Filter>
    </ClInclude>
    <ClInclude Include="LevelParser.h">
      <Filter>Fichiers d%27en-tête\Level</Filter>
    </ClInclude>
    <ClInclude Include="TileLayer.h">
      <Filter>Fichiers d%27en-tête\Level\Layers</Filter>
    </ClInclude>
    <ClInclude Include="ObjectLayer.h">
      <Filter>Fichiers d%27en-tête\Level\Layers</Filter>
    </ClInclude>
    <ClInclude Include="Sprite.h">
      <Filter>Fichiers d%27en-tête</Filter>
    </ClInclude>
    <ClInclude Include="MenuState.h">
      <Filter>Fichiers d%27en-tête\GameStates</Filter>
    </ClInclude>
    <ClInclude Include="Constants.h">
      <Filter>Fichiers d%27en-tête</Filter>
    </ClInclude>
    <ClInclude Include="Enemy.h">
      <Filter>Fichiers d%27en-tête\GameObjects\Enemies</Filter>
    </ClInclude>
    <ClInclude Include="SoundManager.h">
      <Filter>Fichiers d%27en-tête\Managers</Filter>
    </ClInclude>
    <ClInclude Include="TextureManager.h">
      <Filter>Fichiers d%27en-tête\Managers</Filter>
    </ClInclude>
    <ClInclude Include="InputHandler.h">
      <Filter>Fichiers d%27en-tête\Managers</Filter>
    </ClInclude>
    <ClInclude Include="WaveGenerator.h">
      <Filter>Fichiers d%27en-tête</Filter>
    </ClInclude>
    <ClInclude Include="StateParser.h">
      <Filter>Fichiers d%27en-tête\GameStates</Filter>
    </ClInclude>
    <ClInclude Include="Bullet.h">
      <Filter>Fichiers d%27en-tête\GameObjects\Bullets</Filter>
    </ClInclude>
    <ClInclude Include="PlayerBullet.h">
      <Filter>Fichiers d%27en-tête\GameObjects\Bullets</Filter>
    </ClInclude>
    <ClInclude Include="EnemyBullet.h">
      <Filter>Fichiers d%27en-tête\GameObjects\Bullets</Filter>
    </ClInclude>
    <ClInclude Include="CollisionManager.h">
      <Filter>Fichiers d%27en-tête\Managers</Filter>
    </ClInclude>
    <ClInclude Include="BulletManager.h">
      <Filter>Fichiers d%27en-tête\Managers</Filter>
    </ClInclude>
    <ClInclude Include="Collision.h">
      <Filter>Fichiers d%27en-tête</Filter>
    </ClInclude>
    <ClInclude Include="StateChangeAsker.h">
      <Filter>Fichiers d%27en-tête\GameStates</Filter>
    </ClInclude>
    <ClInclude Include="GameObject.h">
      <Filter>Fichiers d%27en-tête\GameObjects</Filter>
    </ClInclude>
    <ClInclude Include="MenuButton.h">
      <Filter>Fichiers d%27en-tête\GameObjects</Filter>
    </ClInclude>
    <ClInclude Include="Player.h">
      <Filter>Fichiers d%27en-tête\GameObjects</Filter>
    </ClInclude>
    <ClInclude Include="Background.h">
      <Filter>Fichiers d%27en-tête\GameObjects</Filter>
    </ClInclude>
    <ClInclude Include="AnimatedGraphic.h">
      <Filter>Fichiers d%27en-tête\GameObjects</Filter>
    </ClInclude>
    <ClInclude Include="GameParameters.h">
      <Filter>Fichiers d%27en-tête</Filter>
    </ClInclude>
    <ClInclude Include="UIManager.h">
      <Filter>Fichiers d%27en-tête\Managers</Filter>
    </ClInclude>
    <ClInclude Include="FontCache\SDL_FontCache.h">
      <Filter>Fichiers de ressources\FontCache</Filter>
    </ClInclude>
    <ClInclude Include="ScoreManager.h">
      <Filter>Fichiers d%27en-tête\Managers</Filter>
    </ClInclude>
    <ClInclude Include="PlayerManager.h">
      <Filter>Fichiers d%27en-tête\Managers</Filter>
    </ClInclude>
  </ItemGroup>
</Project>